PODS:
  - boost (1.76.0)
  - breez_sdk (0.3.1):
    - BreezSDK (= 0.3.1)
    - React-Core
  - breez_sdkFFI (0.3.1)
  - BreezSDK (0.3.1):
    - breez_sdkFFI (= 0.3.1)
  - CocoaAsyncSocket (7.6.5)
  - DoubleConversion (1.1.6)
  - FBLazyVector (0.70.15)
  - FBReactNativeSpec (0.70.15):
    - RCT-Folly (= 2021.07.22.00)
    - RCTRequired (= 0.70.15)
    - RCTTypeSafety (= 0.70.15)
    - React-Core (= 0.70.15)
    - React-jsi (= 0.70.15)
    - ReactCommon/turbomodule/core (= 0.70.15)
  - Flipper (0.125.0):
    - Flipper-Folly (~> 2.6)
    - Flipper-RSocket (~> 1.4)
  - Flipper-Boost-iOSX (1.76.0.1.11)
  - Flipper-DoubleConversion (3.2.0.1)
  - Flipper-Fmt (7.1.7)
  - Flipper-Folly (2.6.10):
    - Flipper-Boost-iOSX
    - Flipper-DoubleConversion
    - Flipper-Fmt (= 7.1.7)
    - Flipper-Glog
    - libevent (~> 2.1.12)
    - OpenSSL-Universal (= 1.1.1100)
  - Flipper-Glog (0.5.0.5)
  - Flipper-PeerTalk (0.0.4)
  - Flipper-RSocket (1.4.3):
    - Flipper-Folly (~> 2.6)
  - FlipperKit (0.125.0):
    - FlipperKit/Core (= 0.125.0)
  - FlipperKit/Core (0.125.0):
    - Flipper (~> 0.125.0)
    - FlipperKit/CppBridge
    - FlipperKit/FBCxxFollyDynamicConvert
    - FlipperKit/FBDefines
    - FlipperKit/FKPortForwarding
    - SocketRocket (~> 0.6.0)
  - FlipperKit/CppBridge (0.125.0):
    - Flipper (~> 0.125.0)
  - FlipperKit/FBCxxFollyDynamicConvert (0.125.0):
    - Flipper-Folly (~> 2.6)
  - FlipperKit/FBDefines (0.125.0)
  - FlipperKit/FKPortForwarding (0.125.0):
    - CocoaAsyncSocket (~> 7.6)
    - Flipper-PeerTalk (~> 0.0.4)
  - FlipperKit/FlipperKitHighlightOverlay (0.125.0)
  - FlipperKit/FlipperKitLayoutHelpers (0.125.0):
    - FlipperKit/Core
    - FlipperKit/FlipperKitHighlightOverlay
    - FlipperKit/FlipperKitLayoutTextSearchable
  - FlipperKit/FlipperKitLayoutIOSDescriptors (0.125.0):
    - FlipperKit/Core
    - FlipperKit/FlipperKitHighlightOverlay
    - FlipperKit/FlipperKitLayoutHelpers
    - YogaKit (~> 1.18)
  - FlipperKit/FlipperKitLayoutPlugin (0.125.0):
    - FlipperKit/Core
    - FlipperKit/FlipperKitHighlightOverlay
    - FlipperKit/FlipperKitLayoutHelpers
    - FlipperKit/FlipperKitLayoutIOSDescriptors
    - FlipperKit/FlipperKitLayoutTextSearchable
    - YogaKit (~> 1.18)
  - FlipperKit/FlipperKitLayoutTextSearchable (0.125.0)
  - FlipperKit/FlipperKitNetworkPlugin (0.125.0):
    - FlipperKit/Core
  - FlipperKit/FlipperKitReactPlugin (0.125.0):
    - FlipperKit/Core
  - FlipperKit/FlipperKitUserDefaultsPlugin (0.125.0):
    - FlipperKit/Core
  - FlipperKit/SKIOSNetworkPlugin (0.125.0):
    - FlipperKit/Core
    - FlipperKit/FlipperKitNetworkPlugin
  - fmt (6.2.1)
  - glog (0.3.5)
  - hermes-engine (0.70.15)
  - libevent (2.1.12)
  - OpenSSL-Universal (1.1.1100)
  - RCT-Folly (2021.07.22.00):
    - boost
    - DoubleConversion
    - fmt (~> 6.2.1)
    - glog
    - RCT-Folly/Default (= 2021.07.22.00)
  - RCT-Folly/Default (2021.07.22.00):
    - boost
    - DoubleConversion
    - fmt (~> 6.2.1)
    - glog
  - RCT-Folly/Futures (2021.07.22.00):
    - boost
    - DoubleConversion
    - fmt (~> 6.2.1)
    - glog
    - libevent
  - RCTRequired (0.70.15)
  - RCTTypeSafety (0.70.15):
    - FBLazyVector (= 0.70.15)
    - RCTRequired (= 0.70.15)
    - React-Core (= 0.70.15)
  - React (0.70.15):
    - React-Core (= 0.70.15)
    - React-Core/DevSupport (= 0.70.15)
    - React-Core/RCTWebSocket (= 0.70.15)
    - React-RCTActionSheet (= 0.70.15)
    - React-RCTAnimation (= 0.70.15)
    - React-RCTBlob (= 0.70.15)
    - React-RCTImage (= 0.70.15)
    - React-RCTLinking (= 0.70.15)
    - React-RCTNetwork (= 0.70.15)
    - React-RCTSettings (= 0.70.15)
    - React-RCTText (= 0.70.15)
    - React-RCTVibration (= 0.70.15)
  - React-bridging (0.70.15):
    - RCT-Folly (= 2021.07.22.00)
    - React-jsi (= 0.70.15)
  - React-callinvoker (0.70.15)
  - React-Codegen (0.70.15):
    - FBReactNativeSpec (= 0.70.15)
    - RCT-Folly (= 2021.07.22.00)
    - RCTRequired (= 0.70.15)
    - RCTTypeSafety (= 0.70.15)
    - React-Core (= 0.70.15)
    - React-jsi (= 0.70.15)
    - React-jsiexecutor (= 0.70.15)
    - ReactCommon/turbomodule/core (= 0.70.15)
  - React-Core (0.70.15):
    - glog
    - RCT-Folly (= 2021.07.22.00)
    - React-Core/Default (= 0.70.15)
    - React-cxxreact (= 0.70.15)
    - React-jsi (= 0.70.15)
    - React-jsiexecutor (= 0.70.15)
    - React-perflogger (= 0.70.15)
    - Yoga
  - React-Core/CoreModulesHeaders (0.70.15):
    - glog
    - RCT-Folly (= 2021.07.22.00)
    - React-Core/Default
    - React-cxxreact (= 0.70.15)
    - React-jsi (= 0.70.15)
    - React-jsiexecutor (= 0.70.15)
    - React-perflogger (= 0.70.15)
    - Yoga
  - React-Core/Default (0.70.15):
    - glog
    - RCT-Folly (= 2021.07.22.00)
    - React-cxxreact (= 0.70.15)
    - React-jsi (= 0.70.15)
    - React-jsiexecutor (= 0.70.15)
    - React-perflogger (= 0.70.15)
    - Yoga
  - React-Core/DevSupport (0.70.15):
    - glog
    - RCT-Folly (= 2021.07.22.00)
    - React-Core/Default (= 0.70.15)
    - React-Core/RCTWebSocket (= 0.70.15)
    - React-cxxreact (= 0.70.15)
    - React-jsi (= 0.70.15)
    - React-jsiexecutor (= 0.70.15)
    - React-jsinspector (= 0.70.15)
    - React-perflogger (= 0.70.15)
    - Yoga
  - React-Core/RCTActionSheetHeaders (0.70.15):
    - glog
    - RCT-Folly (= 2021.07.22.00)
    - React-Core/Default
    - React-cxxreact (= 0.70.15)
    - React-jsi (= 0.70.15)
    - React-jsiexecutor (= 0.70.15)
    - React-perflogger (= 0.70.15)
    - Yoga
  - React-Core/RCTAnimationHeaders (0.70.15):
    - glog
    - RCT-Folly (= 2021.07.22.00)
    - React-Core/Default
    - React-cxxreact (= 0.70.15)
    - React-jsi (= 0.70.15)
    - React-jsiexecutor (= 0.70.15)
    - React-perflogger (= 0.70.15)
    - Yoga
  - React-Core/RCTBlobHeaders (0.70.15):
    - glog
    - RCT-Folly (= 2021.07.22.00)
    - React-Core/Default
    - React-cxxreact (= 0.70.15)
    - React-jsi (= 0.70.15)
    - React-jsiexecutor (= 0.70.15)
    - React-perflogger (= 0.70.15)
    - Yoga
  - React-Core/RCTImageHeaders (0.70.15):
    - glog
    - RCT-Folly (= 2021.07.22.00)
    - React-Core/Default
    - React-cxxreact (= 0.70.15)
    - React-jsi (= 0.70.15)
    - React-jsiexecutor (= 0.70.15)
    - React-perflogger (= 0.70.15)
    - Yoga
  - React-Core/RCTLinkingHeaders (0.70.15):
    - glog
    - RCT-Folly (= 2021.07.22.00)
    - React-Core/Default
    - React-cxxreact (= 0.70.15)
    - React-jsi (= 0.70.15)
    - React-jsiexecutor (= 0.70.15)
    - React-perflogger (= 0.70.15)
    - Yoga
  - React-Core/RCTNetworkHeaders (0.70.15):
    - glog
    - RCT-Folly (= 2021.07.22.00)
    - React-Core/Default
    - React-cxxreact (= 0.70.15)
    - React-jsi (= 0.70.15)
    - React-jsiexecutor (= 0.70.15)
    - React-perflogger (= 0.70.15)
    - Yoga
  - React-Core/RCTSettingsHeaders (0.70.15):
    - glog
    - RCT-Folly (= 2021.07.22.00)
    - React-Core/Default
    - React-cxxreact (= 0.70.15)
    - React-jsi (= 0.70.15)
    - React-jsiexecutor (= 0.70.15)
    - React-perflogger (= 0.70.15)
    - Yoga
  - React-Core/RCTTextHeaders (0.70.15):
    - glog
    - RCT-Folly (= 2021.07.22.00)
    - React-Core/Default
    - React-cxxreact (= 0.70.15)
    - React-jsi (= 0.70.15)
    - React-jsiexecutor (= 0.70.15)
    - React-perflogger (= 0.70.15)
    - Yoga
  - React-Core/RCTVibrationHeaders (0.70.15):
    - glog
    - RCT-Folly (= 2021.07.22.00)
    - React-Core/Default
    - React-cxxreact (= 0.70.15)
    - React-jsi (= 0.70.15)
    - React-jsiexecutor (= 0.70.15)
    - React-perflogger (= 0.70.15)
    - Yoga
  - React-Core/RCTWebSocket (0.70.15):
    - glog
    - RCT-Folly (= 2021.07.22.00)
    - React-Core/Default (= 0.70.15)
    - React-cxxreact (= 0.70.15)
    - React-jsi (= 0.70.15)
    - React-jsiexecutor (= 0.70.15)
    - React-perflogger (= 0.70.15)
    - Yoga
  - React-CoreModules (0.70.15):
    - RCT-Folly (= 2021.07.22.00)
    - RCTTypeSafety (= 0.70.15)
    - React-Codegen (= 0.70.15)
    - React-Core/CoreModulesHeaders (= 0.70.15)
    - React-jsi (= 0.70.15)
    - React-RCTImage (= 0.70.15)
    - ReactCommon/turbomodule/core (= 0.70.15)
  - React-cxxreact (0.70.15):
    - boost (= 1.76.0)
    - DoubleConversion
    - glog
    - RCT-Folly (= 2021.07.22.00)
    - React-callinvoker (= 0.70.15)
    - React-jsi (= 0.70.15)
    - React-jsinspector (= 0.70.15)
    - React-logger (= 0.70.15)
    - React-perflogger (= 0.70.15)
    - React-runtimeexecutor (= 0.70.15)
  - React-hermes (0.70.15):
    - DoubleConversion
    - glog
    - hermes-engine
    - RCT-Folly (= 2021.07.22.00)
    - RCT-Folly/Futures (= 2021.07.22.00)
    - React-cxxreact (= 0.70.15)
    - React-jsi (= 0.70.15)
    - React-jsiexecutor (= 0.70.15)
    - React-jsinspector (= 0.70.15)
    - React-perflogger (= 0.70.15)
  - React-jsi (0.70.15):
    - boost (= 1.76.0)
    - DoubleConversion
    - glog
    - RCT-Folly (= 2021.07.22.00)
    - React-jsi/Default (= 0.70.15)
  - React-jsi/Default (0.70.15):
    - boost (= 1.76.0)
    - DoubleConversion
    - glog
    - RCT-Folly (= 2021.07.22.00)
  - React-jsiexecutor (0.70.15):
    - DoubleConversion
    - glog
    - RCT-Folly (= 2021.07.22.00)
    - React-cxxreact (= 0.70.15)
    - React-jsi (= 0.70.15)
    - React-perflogger (= 0.70.15)
  - React-jsinspector (0.70.15)
  - React-logger (0.70.15):
    - glog
  - react-native-build-config (0.3.2):
    - React
  - react-native-quick-base64 (2.0.5):
    - React-Core
  - react-native-quick-crypto (0.5.0):
    - OpenSSL-Universal
    - React
    - React-callinvoker
    - React-Core
  - React-perflogger (0.70.15)
  - React-RCTActionSheet (0.70.15):
    - React-Core/RCTActionSheetHeaders (= 0.70.15)
  - React-RCTAnimation (0.70.15):
    - RCT-Folly (= 2021.07.22.00)
    - RCTTypeSafety (= 0.70.15)
    - React-Codegen (= 0.70.15)
    - React-Core/RCTAnimationHeaders (= 0.70.15)
    - React-jsi (= 0.70.15)
    - ReactCommon/turbomodule/core (= 0.70.15)
  - React-RCTBlob (0.70.15):
    - RCT-Folly (= 2021.07.22.00)
    - React-Codegen (= 0.70.15)
    - React-Core/RCTBlobHeaders (= 0.70.15)
    - React-Core/RCTWebSocket (= 0.70.15)
    - React-jsi (= 0.70.15)
    - React-RCTNetwork (= 0.70.15)
    - ReactCommon/turbomodule/core (= 0.70.15)
  - React-RCTImage (0.70.15):
    - RCT-Folly (= 2021.07.22.00)
    - RCTTypeSafety (= 0.70.15)
    - React-Codegen (= 0.70.15)
    - React-Core/RCTImageHeaders (= 0.70.15)
    - React-jsi (= 0.70.15)
    - React-RCTNetwork (= 0.70.15)
    - ReactCommon/turbomodule/core (= 0.70.15)
  - React-RCTLinking (0.70.15):
    - React-Codegen (= 0.70.15)
    - React-Core/RCTLinkingHeaders (= 0.70.15)
    - React-jsi (= 0.70.15)
    - ReactCommon/turbomodule/core (= 0.70.15)
  - React-RCTNetwork (0.70.15):
    - RCT-Folly (= 2021.07.22.00)
    - RCTTypeSafety (= 0.70.15)
    - React-Codegen (= 0.70.15)
    - React-Core/RCTNetworkHeaders (= 0.70.15)
    - React-jsi (= 0.70.15)
    - ReactCommon/turbomodule/core (= 0.70.15)
  - React-RCTSettings (0.70.15):
    - RCT-Folly (= 2021.07.22.00)
    - RCTTypeSafety (= 0.70.15)
    - React-Codegen (= 0.70.15)
    - React-Core/RCTSettingsHeaders (= 0.70.15)
    - React-jsi (= 0.70.15)
    - ReactCommon/turbomodule/core (= 0.70.15)
  - React-RCTText (0.70.15):
    - React-Core/RCTTextHeaders (= 0.70.15)
  - React-RCTVibration (0.70.15):
    - RCT-Folly (= 2021.07.22.00)
    - React-Codegen (= 0.70.15)
    - React-Core/RCTVibrationHeaders (= 0.70.15)
    - React-jsi (= 0.70.15)
    - ReactCommon/turbomodule/core (= 0.70.15)
  - React-runtimeexecutor (0.70.15):
    - React-jsi (= 0.70.15)
  - ReactCommon/turbomodule/core (0.70.15):
    - DoubleConversion
    - glog
    - RCT-Folly (= 2021.07.22.00)
    - React-bridging (= 0.70.15)
    - React-callinvoker (= 0.70.15)
    - React-Core (= 0.70.15)
    - React-cxxreact (= 0.70.15)
    - React-jsi (= 0.70.15)
    - React-logger (= 0.70.15)
    - React-perflogger (= 0.70.15)
  - RNSecureStorage (0.1.2):
    - React
  - SocketRocket (0.6.1)
  - Yoga (1.14.0)
  - YogaKit (1.18.1):
    - Yoga (~> 1.14)

DEPENDENCIES:
  - boost (from `../node_modules/react-native/third-party-podspecs/boost.podspec`)
  - "breez_sdk (from `../node_modules/@breeztech/react-native-breez-sdk`)"
  - DoubleConversion (from `../node_modules/react-native/third-party-podspecs/DoubleConversion.podspec`)
  - FBLazyVector (from `../node_modules/react-native/Libraries/FBLazyVector`)
  - FBReactNativeSpec (from `../node_modules/react-native/React/FBReactNativeSpec`)
  - Flipper (= 0.125.0)
  - Flipper-Boost-iOSX (= 1.76.0.1.11)
  - Flipper-DoubleConversion (= 3.2.0.1)
  - Flipper-Fmt (= 7.1.7)
  - Flipper-Folly (= 2.6.10)
  - Flipper-Glog (= 0.5.0.5)
  - Flipper-PeerTalk (= 0.0.4)
  - Flipper-RSocket (= 1.4.3)
  - FlipperKit (= 0.125.0)
  - FlipperKit/Core (= 0.125.0)
  - FlipperKit/CppBridge (= 0.125.0)
  - FlipperKit/FBCxxFollyDynamicConvert (= 0.125.0)
  - FlipperKit/FBDefines (= 0.125.0)
  - FlipperKit/FKPortForwarding (= 0.125.0)
  - FlipperKit/FlipperKitHighlightOverlay (= 0.125.0)
  - FlipperKit/FlipperKitLayoutPlugin (= 0.125.0)
  - FlipperKit/FlipperKitLayoutTextSearchable (= 0.125.0)
  - FlipperKit/FlipperKitNetworkPlugin (= 0.125.0)
  - FlipperKit/FlipperKitReactPlugin (= 0.125.0)
  - FlipperKit/FlipperKitUserDefaultsPlugin (= 0.125.0)
  - FlipperKit/SKIOSNetworkPlugin (= 0.125.0)
  - glog (from `../node_modules/react-native/third-party-podspecs/glog.podspec`)
  - hermes-engine (from `../node_modules/react-native/sdks/hermes/hermes-engine.podspec`)
  - libevent (~> 2.1.12)
  - OpenSSL-Universal (= 1.1.1100)
  - RCT-Folly (from `../node_modules/react-native/third-party-podspecs/RCT-Folly.podspec`)
  - RCTRequired (from `../node_modules/react-native/Libraries/RCTRequired`)
  - RCTTypeSafety (from `../node_modules/react-native/Libraries/TypeSafety`)
  - React (from `../node_modules/react-native/`)
  - React-bridging (from `../node_modules/react-native/ReactCommon`)
  - React-callinvoker (from `../node_modules/react-native/ReactCommon/callinvoker`)
  - React-Codegen (from `build/generated/ios`)
  - React-Core (from `../node_modules/react-native/`)
  - React-Core/DevSupport (from `../node_modules/react-native/`)
  - React-Core/RCTWebSocket (from `../node_modules/react-native/`)
  - React-CoreModules (from `../node_modules/react-native/React/CoreModules`)
  - React-cxxreact (from `../node_modules/react-native/ReactCommon/cxxreact`)
  - React-hermes (from `../node_modules/react-native/ReactCommon/hermes`)
  - React-jsi (from `../node_modules/react-native/ReactCommon/jsi`)
  - React-jsiexecutor (from `../node_modules/react-native/ReactCommon/jsiexecutor`)
  - React-jsinspector (from `../node_modules/react-native/ReactCommon/jsinspector`)
  - React-logger (from `../node_modules/react-native/ReactCommon/logger`)
  - react-native-build-config (from `../node_modules/react-native-build-config`)
  - react-native-quick-base64 (from `../node_modules/react-native-quick-base64`)
  - react-native-quick-crypto (from `../node_modules/react-native-quick-crypto`)
  - React-perflogger (from `../node_modules/react-native/ReactCommon/reactperflogger`)
  - React-RCTActionSheet (from `../node_modules/react-native/Libraries/ActionSheetIOS`)
  - React-RCTAnimation (from `../node_modules/react-native/Libraries/NativeAnimation`)
  - React-RCTBlob (from `../node_modules/react-native/Libraries/Blob`)
  - React-RCTImage (from `../node_modules/react-native/Libraries/Image`)
  - React-RCTLinking (from `../node_modules/react-native/Libraries/LinkingIOS`)
  - React-RCTNetwork (from `../node_modules/react-native/Libraries/Network`)
  - React-RCTSettings (from `../node_modules/react-native/Libraries/Settings`)
  - React-RCTText (from `../node_modules/react-native/Libraries/Text`)
  - React-RCTVibration (from `../node_modules/react-native/Libraries/Vibration`)
  - React-runtimeexecutor (from `../node_modules/react-native/ReactCommon/runtimeexecutor`)
  - ReactCommon/turbomodule/core (from `../node_modules/react-native/ReactCommon`)
  - RNSecureStorage (from `../node_modules/react-native-secure-storage`)
  - Yoga (from `../node_modules/react-native/ReactCommon/yoga`)

SPEC REPOS:
  trunk:
    - breez_sdkFFI
    - BreezSDK
    - CocoaAsyncSocket
    - Flipper
    - Flipper-Boost-iOSX
    - Flipper-DoubleConversion
    - Flipper-Fmt
    - Flipper-Folly
    - Flipper-Glog
    - Flipper-PeerTalk
    - Flipper-RSocket
    - FlipperKit
    - fmt
    - libevent
    - OpenSSL-Universal
    - SocketRocket
    - YogaKit

EXTERNAL SOURCES:
  boost:
    :podspec: "../node_modules/react-native/third-party-podspecs/boost.podspec"
  breez_sdk:
    :path: "../node_modules/@breeztech/react-native-breez-sdk"
  DoubleConversion:
    :podspec: "../node_modules/react-native/third-party-podspecs/DoubleConversion.podspec"
  FBLazyVector:
    :path: "../node_modules/react-native/Libraries/FBLazyVector"
  FBReactNativeSpec:
    :path: "../node_modules/react-native/React/FBReactNativeSpec"
  glog:
    :podspec: "../node_modules/react-native/third-party-podspecs/glog.podspec"
  hermes-engine:
    :podspec: "../node_modules/react-native/sdks/hermes/hermes-engine.podspec"
  RCT-Folly:
    :podspec: "../node_modules/react-native/third-party-podspecs/RCT-Folly.podspec"
  RCTRequired:
    :path: "../node_modules/react-native/Libraries/RCTRequired"
  RCTTypeSafety:
    :path: "../node_modules/react-native/Libraries/TypeSafety"
  React:
    :path: "../node_modules/react-native/"
  React-bridging:
    :path: "../node_modules/react-native/ReactCommon"
  React-callinvoker:
    :path: "../node_modules/react-native/ReactCommon/callinvoker"
  React-Codegen:
    :path: build/generated/ios
  React-Core:
    :path: "../node_modules/react-native/"
  React-CoreModules:
    :path: "../node_modules/react-native/React/CoreModules"
  React-cxxreact:
    :path: "../node_modules/react-native/ReactCommon/cxxreact"
  React-hermes:
    :path: "../node_modules/react-native/ReactCommon/hermes"
  React-jsi:
    :path: "../node_modules/react-native/ReactCommon/jsi"
  React-jsiexecutor:
    :path: "../node_modules/react-native/ReactCommon/jsiexecutor"
  React-jsinspector:
    :path: "../node_modules/react-native/ReactCommon/jsinspector"
  React-logger:
    :path: "../node_modules/react-native/ReactCommon/logger"
  react-native-build-config:
    :path: "../node_modules/react-native-build-config"
  react-native-quick-base64:
    :path: "../node_modules/react-native-quick-base64"
  react-native-quick-crypto:
    :path: "../node_modules/react-native-quick-crypto"
  React-perflogger:
    :path: "../node_modules/react-native/ReactCommon/reactperflogger"
  React-RCTActionSheet:
    :path: "../node_modules/react-native/Libraries/ActionSheetIOS"
  React-RCTAnimation:
    :path: "../node_modules/react-native/Libraries/NativeAnimation"
  React-RCTBlob:
    :path: "../node_modules/react-native/Libraries/Blob"
  React-RCTImage:
    :path: "../node_modules/react-native/Libraries/Image"
  React-RCTLinking:
    :path: "../node_modules/react-native/Libraries/LinkingIOS"
  React-RCTNetwork:
    :path: "../node_modules/react-native/Libraries/Network"
  React-RCTSettings:
    :path: "../node_modules/react-native/Libraries/Settings"
  React-RCTText:
    :path: "../node_modules/react-native/Libraries/Text"
  React-RCTVibration:
    :path: "../node_modules/react-native/Libraries/Vibration"
  React-runtimeexecutor:
    :path: "../node_modules/react-native/ReactCommon/runtimeexecutor"
  ReactCommon:
    :path: "../node_modules/react-native/ReactCommon"
  RNSecureStorage:
    :path: "../node_modules/react-native-secure-storage"
  Yoga:
    :path: "../node_modules/react-native/ReactCommon/yoga"

SPEC CHECKSUMS:
  boost: 9fa78656d705f55b1220151d997e57e2a3f2cde0
  breez_sdk: 5f3228477cb020aa746c4eb6958f5ae245b2fa2b
  breez_sdkFFI: c58ac657d181adec5ec4b535ec8e865b18cbed18
  BreezSDK: a12355912a20ecd1b064d72f818cab921f16ef2a
  CocoaAsyncSocket: 065fd1e645c7abab64f7a6a2007a48038fdc6a99
  DoubleConversion: 5189b271737e1565bdce30deb4a08d647e3f5f54
  FBLazyVector: 9cf707e46f9bd90816b7c91b2c1c8b8a2f549527
  FBReactNativeSpec: 5ce1ea97a4309ded19af6c21f13f63ee3cabfed2
  Flipper: 26fc4b7382499f1281eb8cb921e5c3ad6de91fe0
  Flipper-Boost-iOSX: fd1e2b8cbef7e662a122412d7ac5f5bea715403c
  Flipper-DoubleConversion: 2dc99b02f658daf147069aad9dbd29d8feb06d30
  Flipper-Fmt: 60cbdd92fc254826e61d669a5d87ef7015396a9b
  Flipper-Folly: 584845625005ff068a6ebf41f857f468decd26b3
  Flipper-Glog: 70c50ce58ddaf67dc35180db05f191692570f446
  Flipper-PeerTalk: 116d8f857dc6ef55c7a5a75ea3ceaafe878aadc9
  Flipper-RSocket: d9d9ade67cbecf6ac10730304bf5607266dd2541
  FlipperKit: cbdee19bdd4e7f05472a66ce290f1b729ba3cb86
  fmt: ff9d55029c625d3757ed641535fd4a75fedc7ce9
  glog: 04b94705f318337d7ead9e6d17c019bd9b1f6b1b
  hermes-engine: 2592781da1571e4375dfd897f9462638c2d0ceb9
  libevent: 4049cae6c81cdb3654a443be001fb9bdceff7913
  OpenSSL-Universal: ebc357f1e6bc71fa463ccb2fe676756aff50e88c
  RCT-Folly: 0080d0a6ebf2577475bda044aa59e2ca1f909cda
  RCTRequired: 2a96ea90ffddd10cc43115bd93803692e09b5d9a
  RCTTypeSafety: 02c99baddcf0b3393bf58e6d9b792e83a37716b4
  React: 45e3210df90d25ec6da7fc286943b377b63a92ec
  React-bridging: e3a18265bbd59003562e29429985e0923a5b6286
  React-callinvoker: 344ff205a470c3c99b4daf0a2dff9bc29045d6c5
  React-Codegen: 2b1765b0e1a38b8b3601178ca27c1e9216e81632
  React-Core: 93efb81ef85fafee7f83f7ef6ecf546b2e1ee2c0
  React-CoreModules: 4eb535b1650b718cb3680767c1b9a1cacf649cbc
  React-cxxreact: 283248db3101de28d6cf0fe438a2dc95537ee472
  React-hermes: 5439b771de0b04930c97888cc4c28852aa37389c
  React-jsi: 560bdf0bc36d5c137ac962c0eb4b60b50c304d77
  React-jsiexecutor: d2eebcd5a432f90be3baa5d1309f47d05478ea61
  React-jsinspector: bfedded1f4f562d29c2d4a8bb795c9a150a739e4
  React-logger: 31f198387a04172be49fe38e41a082560a81aeeb
  react-native-build-config: 1130ad8668ca251b65e95e002b5b8f308a96726f
  react-native-quick-base64: e657e9197e61b60a9dec49807843052b830da254
  react-native-quick-crypto: a903ff39ac8fea78bb9d37cccc5cc0596afc9670
  React-perflogger: 010e98d3335e5185a8f7496babca50d82a042e84
  React-RCTActionSheet: 0f585d684b540a5bbfc62b0a1fbc5292cff2aefc
  React-RCTAnimation: eb0e5b020333f9cc652d85f27a47086fbf56fffd
  React-RCTBlob: 4af18ad2a64515c3ede9b829e8532f1508e00894
  React-RCTImage: 08787efa5378ad0e7344943eed1b898619cf956a
  React-RCTLinking: ea7ec6fbfdb04df7895c39f15f0e7479acc43bca
  React-RCTNetwork: 926b436b6afada9905d969a8e3713cf204905a00
  React-RCTSettings: cc083c9b6e126b7e6ea1128e64837d8b78ceb219
  React-RCTText: c36ddf2bda5131b325e1c2763700f0a63a963e1d
  React-RCTVibration: 12a2a859fa22368d2fc3ca7594504fd130b91a18
  React-runtimeexecutor: 04332dda2f2335ea4ddaf9255de069d3269f4e8b
  ReactCommon: 200471e0841cf2f7cde1fa2ef3d3c199ed970c07
  RNSecureStorage: 24d433f7673a0daade43689de805933a70641731
  SocketRocket: f32cd54efbe0f095c4d7594881e52619cfe80b17
  Yoga: d6134eb3d6e3675afc1d6d65ccb3169b60e21980
  YogaKit: f782866e155069a2cca2517aafea43200b01fd5a

PODFILE CHECKSUM: b888cbd6319dd2dabadd47d279c98a0c0ad90264

COCOAPODS: 1.15.2
