// !$*UTF8*$!
{
	archiveVersion = 1;
	classes = {
	};
	objectVersion = 52;
	objects = {

/* Begin PBXBuildFile section */
		6F9258292A1636D9001A6F5C /* breez_sdkFFI.xcframework in Frameworks */ = {isa = PBXBuildFile; fileRef = 6F9258242A1636D9001A6F5C /* breez_sdkFFI.xcframework */; };
		6F92582A2A1636D9001A6F5C /* BreezSDK.swift in Sources */ = {isa = PBXBuildFile; fileRef = 6F9258282A1636D9001A6F5C /* BreezSDK.swift */; };
		7355F8D529998CCE0094712A /* BreezSDKMapper.swift in Sources */ = {isa = PBXBuildFile; fileRef = 7355F8D429998CCE0094712A /* BreezSDKMapper.swift */; };
		7355F8D7299A3FC40094712A /* BreezSDKLogStream.swift in Sources */ = {isa = PBXBuildFile; fileRef = 7355F8D6299A3FC40094712A /* BreezSDKLogStream.swift */; };
		73A00D9C298E9DCD00BC1BDA /* BreezSDKListener.swift in Sources */ = {isa = PBXBuildFile; fileRef = 73A00D9B298E9DCD00BC1BDA /* BreezSDKListener.swift */; };
		F4FF95D7245B92E800C19C63 /* RNBreezSDK.swift in Sources */ = {isa = PBXBuildFile; fileRef = F4FF95D6245B92E800C19C63 /* RNBreezSDK.swift */; };
/* End PBXBuildFile section */

/* Begin PBXCopyFilesBuildPhase section */
		58B511D91A9E6C8500147676 /* CopyFiles */ = {
			isa = PBXCopyFilesBuildPhase;
			buildActionMask = 2147483647;
			dstPath = "include/$(PRODUCT_NAME)";
			dstSubfolderSpec = 16;
			files = (
			);
			runOnlyForDeploymentPostprocessing = 0;
		};
/* End PBXCopyFilesBuildPhase section */

/* Begin PBXFileReference section */
		6F92581A2A162080001A6F5C /* libBreezBridge.a */ = {isa = PBXFileReference; explicitFileType = archive.ar; includeInIndex = 0; path = libBreezBridge.a; sourceTree = BUILT_PRODUCTS_DIR; };
		6F9258242A1636D9001A6F5C /* breez_sdkFFI.xcframework */ = {isa = PBXFileReference; lastKnownFileType = wrapper.xcframework; path = breez_sdkFFI.xcframework; sourceTree = "<group>"; };
		6F9258252A1636D9001A6F5C /* .gitignore */ = {isa = PBXFileReference; fileEncoding = 4; lastKnownFileType = text; path = .gitignore; sourceTree = "<group>"; };
		6F9258282A1636D9001A6F5C /* BreezSDK.swift */ = {isa = PBXFileReference; fileEncoding = 4; lastKnownFileType = sourcecode.swift; path = BreezSDK.swift; sourceTree = "<group>"; };
		7355F8D429998CCE0094712A /* BreezSDKMapper.swift */ = {isa = PBXFileReference; lastKnownFileType = sourcecode.swift; path = BreezSDKMapper.swift; sourceTree = "<group>"; };
		7355F8D6299A3FC40094712A /* BreezSDKLogStream.swift */ = {isa = PBXFileReference; lastKnownFileType = sourcecode.swift; path = BreezSDKLogStream.swift; sourceTree = "<group>"; };
		73A00D9B298E9DCD00BC1BDA /* BreezSDKListener.swift */ = {isa = PBXFileReference; lastKnownFileType = sourcecode.swift; path = BreezSDKListener.swift; sourceTree = "<group>"; };
		B3E7B5891CC2AC0600A0062D /* RNBreezSDK.m */ = {isa = PBXFileReference; fileEncoding = 4; lastKnownFileType = sourcecode.c.objc; path = RNBreezSDK.m; sourceTree = "<group>"; };
		F4FF95D5245B92E700C19C63 /* BreezSDK-Bridging-Header.h */ = {isa = PBXFileReference; lastKnownFileType = sourcecode.c.h; path = "BreezSDK-Bridging-Header.h"; sourceTree = "<group>"; };
		F4FF95D6245B92E800C19C63 /* RNBreezSDK.swift */ = {isa = PBXFileReference; lastKnownFileType = sourcecode.swift; path = RNBreezSDK.swift; sourceTree = "<group>"; };
/* End PBXFileReference section */

/* Begin PBXFrameworksBuildPhase section */
		58B511D81A9E6C8500147676 /* Frameworks */ = {
			isa = PBXFrameworksBuildPhase;
			buildActionMask = 2147483647;
			files = (
				6F9258292A1636D9001A6F5C /* breez_sdkFFI.xcframework in Frameworks */,
			);
			runOnlyForDeploymentPostprocessing = 0;
		};
/* End PBXFrameworksBuildPhase section */

/* Begin PBXGroup section */
		58B511D21A9E6C8500147676 = {
			isa = PBXGroup;
			children = (
				6F9258232A1636D9001A6F5C /* bindings-swift */,
				6F92581B2A16286E001A6F5C /* Packages */,
				7355F8D429998CCE0094712A /* BreezSDKMapper.swift */,
				73A00D9B298E9DCD00BC1BDA /* BreezSDKListener.swift */,
				7355F8D6299A3FC40094712A /* BreezSDKLogStream.swift */,
				F4FF95D6245B92E800C19C63 /* RNBreezSDK.swift */,
				B3E7B5891CC2AC0600A0062D /* RNBreezSDK.m */,
				F4FF95D5245B92E700C19C63 /* BreezSDK-Bridging-Header.h */,
				73A00D8C298D633000BC1BDA /* Frameworks */,
				6F92581A2A162080001A6F5C /* libBreezBridge.a */,
			);
			sourceTree = "<group>";
		};
		6F92581B2A16286E001A6F5C /* Packages */ = {
			isa = PBXGroup;
			children = (
			);
			name = Packages;
			sourceTree = "<group>";
		};
		6F9258232A1636D9001A6F5C /* bindings-swift */ = {
			isa = PBXGroup;
			children = (
				6F9258242A1636D9001A6F5C /* breez_sdkFFI.xcframework */,
				6F9258252A1636D9001A6F5C /* .gitignore */,
				6F9258262A1636D9001A6F5C /* Sources */,
			);
			path = "bindings-swift";
			sourceTree = "<group>";
		};
		6F9258262A1636D9001A6F5C /* Sources */ = {
			isa = PBXGroup;
			children = (
				6F9258272A1636D9001A6F5C /* BreezSDK */,
			);
			path = Sources;
			sourceTree = "<group>";
		};
		6F9258272A1636D9001A6F5C /* BreezSDK */ = {
			isa = PBXGroup;
			children = (
				6F9258282A1636D9001A6F5C /* BreezSDK.swift */,
			);
			path = BreezSDK;
			sourceTree = "<group>";
		};
		73A00D8C298D633000BC1BDA /* Frameworks */ = {
			isa = PBXGroup;
			children = (
			);
			name = Frameworks;
			sourceTree = "<group>";
		};
/* End PBXGroup section */

/* Begin PBXNativeTarget section */
		58B511DA1A9E6C8500147676 /* BreezSDK */ = {
			isa = PBXNativeTarget;
			buildConfigurationList = 58B511EF1A9E6C8500147676 /* Build configuration list for PBXNativeTarget "BreezSDK" */;
			buildPhases = (
				58B511D71A9E6C8500147676 /* Sources */,
				58B511D81A9E6C8500147676 /* Frameworks */,
				58B511D91A9E6C8500147676 /* CopyFiles */,
			);
			buildRules = (
			);
			dependencies = (
			);
			name = BreezSDK;
			packageProductDependencies = (
			);
			productName = RCTDataManager;
			productReference = 6F92581A2A162080001A6F5C /* libBreezBridge.a */;
			productType = "com.apple.product-type.library.static";
		};
/* End PBXNativeTarget section */

/* Begin PBXProject section */
		58B511D31A9E6C8500147676 /* Project object */ = {
			isa = PBXProject;
			attributes = {
				LastUpgradeCheck = 0920;
				ORGANIZATIONNAME = Facebook;
				TargetAttributes = {
					58B511DA1A9E6C8500147676 = {
						CreatedOnToolsVersion = 6.1.1;
					};
				};
			};
			buildConfigurationList = 58B511D61A9E6C8500147676 /* Build configuration list for PBXProject "BreezSDK" */;
			compatibilityVersion = "Xcode 3.2";
			developmentRegion = English;
			hasScannedForEncodings = 0;
			knownRegions = (
				English,
				en,
			);
			mainGroup = 58B511D21A9E6C8500147676;
			packageReferences = (
			);
			productRefGroup = 58B511D21A9E6C8500147676;
			projectDirPath = "";
			projectRoot = "";
			targets = (
				58B511DA1A9E6C8500147676 /* BreezSDK */,
			);
		};
/* End PBXProject section */

/* Begin PBXSourcesBuildPhase section */
		58B511D71A9E6C8500147676 /* Sources */ = {
			isa = PBXSourcesBuildPhase;
			buildActionMask = 2147483647;
			files = (
				6F92582A2A1636D9001A6F5C /* BreezSDK.swift in Sources */,
				F4FF95D7245B92E800C19C63 /* RNBreezSDK.swift in Sources */,
				7355F8D529998CCE0094712A /* BreezSDKMapper.swift in Sources */,
				73A00D9C298E9DCD00BC1BDA /* BreezSDKListener.swift in Sources */,
				7355F8D7299A3FC40094712A /* BreezSDKLogStream.swift in Sources */,
			);
			runOnlyForDeploymentPostprocessing = 0;
		};
/* End PBXSourcesBuildPhase section */

/* Begin XCBuildConfiguration section */
		58B511ED1A9E6C8500147676 /* Debug */ = {
			isa = XCBuildConfiguration;
			buildSettings = {
				ALWAYS_SEARCH_USER_PATHS = NO;
				CLANG_CXX_LANGUAGE_STANDARD = "gnu++0x";
				CLANG_CXX_LIBRARY = "libc++";
				CLANG_ENABLE_MODULES = YES;
				CLANG_ENABLE_OBJC_ARC = YES;
				CLANG_WARN_BLOCK_CAPTURE_AUTORELEASING = YES;
				CLANG_WARN_BOOL_CONVERSION = YES;
				CLANG_WARN_COMMA = YES;
				CLANG_WARN_CONSTANT_CONVERSION = YES;
				CLANG_WARN_DIRECT_OBJC_ISA_USAGE = YES_ERROR;
				CLANG_WARN_EMPTY_BODY = YES;
				CLANG_WARN_ENUM_CONVERSION = YES;
				CLANG_WARN_INFINITE_RECURSION = YES;
				CLANG_WARN_INT_CONVERSION = YES;
				CLANG_WARN_NON_LITERAL_NULL_CONVERSION = YES;
				CLANG_WARN_OBJC_LITERAL_CONVERSION = YES;
				CLANG_WARN_OBJC_ROOT_CLASS = YES_ERROR;
				CLANG_WARN_RANGE_LOOP_ANALYSIS = YES;
				CLANG_WARN_STRICT_PROTOTYPES = YES;
				CLANG_WARN_SUSPICIOUS_MOVE = YES;
				CLANG_WARN_UNREACHABLE_CODE = YES;
				CLANG_WARN__DUPLICATE_METHOD_MATCH = YES;
				COPY_PHASE_STRIP = NO;
				ENABLE_STRICT_OBJC_MSGSEND = YES;
				ENABLE_TESTABILITY = YES;
				GCC_C_LANGUAGE_STANDARD = gnu99;
				GCC_DYNAMIC_NO_PIC = NO;
				GCC_NO_COMMON_BLOCKS = YES;
				GCC_OPTIMIZATION_LEVEL = 0;
				GCC_PREPROCESSOR_DEFINITIONS = (
					"DEBUG=1",
					"$(inherited)",
				);
				GCC_SYMBOLS_PRIVATE_EXTERN = NO;
				GCC_WARN_64_TO_32_BIT_CONVERSION = YES;
				GCC_WARN_ABOUT_RETURN_TYPE = YES_ERROR;
				GCC_WARN_UNDECLARED_SELECTOR = YES;
				GCC_WARN_UNINITIALIZED_AUTOS = YES_AGGRESSIVE;
				GCC_WARN_UNUSED_FUNCTION = YES;
				GCC_WARN_UNUSED_VARIABLE = YES;
				IPHONEOS_DEPLOYMENT_TARGET = 8.0;
				MTL_ENABLE_DEBUG_INFO = YES;
				ONLY_ACTIVE_ARCH = YES;
				SDKROOT = iphoneos;
			};
			name = Debug;
		};
		58B511EE1A9E6C8500147676 /* Release */ = {
			isa = XCBuildConfiguration;
			buildSettings = {
				ALWAYS_SEARCH_USER_PATHS = NO;
				CLANG_CXX_LANGUAGE_STANDARD = "gnu++0x";
				CLANG_CXX_LIBRARY = "libc++";
				CLANG_ENABLE_MODULES = YES;
				CLANG_ENABLE_OBJC_ARC = YES;
				CLANG_WARN_BLOCK_CAPTURE_AUTORELEASING = YES;
				CLANG_WARN_BOOL_CONVERSION = YES;
				CLANG_WARN_COMMA = YES;
				CLANG_WARN_CONSTANT_CONVERSION = YES;
				CLANG_WARN_DIRECT_OBJC_ISA_USAGE = YES_ERROR;
				CLANG_WARN_EMPTY_BODY = YES;
				CLANG_WARN_ENUM_CONVERSION = YES;
				CLANG_WARN_INFINITE_RECURSION = YES;
				CLANG_WARN_INT_CONVERSION = YES;
				CLANG_WARN_NON_LITERAL_NULL_CONVERSION = YES;
				CLANG_WARN_OBJC_LITERAL_CONVERSION = YES;
				CLANG_WARN_OBJC_ROOT_CLASS = YES_ERROR;
				CLANG_WARN_RANGE_LOOP_ANALYSIS = YES;
				CLANG_WARN_STRICT_PROTOTYPES = YES;
				CLANG_WARN_SUSPICIOUS_MOVE = YES;
				CLANG_WARN_UNREACHABLE_CODE = YES;
				CLANG_WARN__DUPLICATE_METHOD_MATCH = YES;
				COPY_PHASE_STRIP = YES;
				ENABLE_NS_ASSERTIONS = NO;
				ENABLE_STRICT_OBJC_MSGSEND = YES;
				GCC_C_LANGUAGE_STANDARD = gnu99;
				GCC_NO_COMMON_BLOCKS = YES;
				GCC_WARN_64_TO_32_BIT_CONVERSION = YES;
				GCC_WARN_ABOUT_RETURN_TYPE = YES_ERROR;
				GCC_WARN_UNDECLARED_SELECTOR = YES;
				GCC_WARN_UNINITIALIZED_AUTOS = YES_AGGRESSIVE;
				GCC_WARN_UNUSED_FUNCTION = YES;
				GCC_WARN_UNUSED_VARIABLE = YES;
				IPHONEOS_DEPLOYMENT_TARGET = 8.0;
				MTL_ENABLE_DEBUG_INFO = NO;
				SDKROOT = iphoneos;
				VALIDATE_PRODUCT = YES;
			};
			name = Release;
		};
		58B511F01A9E6C8500147676 /* Debug */ = {
			isa = XCBuildConfiguration;
			buildSettings = {
				HEADER_SEARCH_PATHS = (
					"$(inherited)",
					/Applications/Xcode.app/Contents/Developer/Toolchains/XcodeDefault.xctoolchain/usr/include,
					"$(SRCROOT)/../../../React/**",
					"$(SRCROOT)/../../react-native/React/**",
					"$(PROJECT_DIR)/include",
				);
				LIBRARY_SEARCH_PATHS = (
					"$(inherited)",
					"$(PROJECT_DIR)/libs",
				);
				OTHER_LDFLAGS = "-ObjC";
				PRODUCT_NAME = BreezBridge;
				SKIP_INSTALL = YES;
				SWIFT_OBJC_BRIDGING_HEADER = "BreezBridge-Bridging-Header.h";
				SWIFT_OPTIMIZATION_LEVEL = "-Onone";
				SWIFT_VERSION = 5.0;
			};
			name = Debug;
		};
		58B511F11A9E6C8500147676 /* Release */ = {
			isa = XCBuildConfiguration;
			buildSettings = {
				HEADER_SEARCH_PATHS = (
					"$(inherited)",
					/Applications/Xcode.app/Contents/Developer/Toolchains/XcodeDefault.xctoolchain/usr/include,
					"$(SRCROOT)/../../../React/**",
					"$(SRCROOT)/../../react-native/React/**",
					"$(PROJECT_DIR)/include",
				);
				LIBRARY_SEARCH_PATHS = (
					"$(inherited)",
					"$(PROJECT_DIR)/libs",
				);
				OTHER_LDFLAGS = "-ObjC";
				PRODUCT_NAME = BreezBridge;
				SKIP_INSTALL = YES;
				SWIFT_OBJC_BRIDGING_HEADER = "BreezBridge-Bridging-Header.h";
				SWIFT_VERSION = 5.0;
			};
			name = Release;
		};
/* End XCBuildConfiguration section */

/* Begin XCConfigurationList section */
		58B511D61A9E6C8500147676 /* Build configuration list for PBXProject "BreezSDK" */ = {
			isa = XCConfigurationList;
			buildConfigurations = (
				58B511ED1A9E6C8500147676 /* Debug */,
				58B511EE1A9E6C8500147676 /* Release */,
			);
			defaultConfigurationIsVisible = 0;
			defaultConfigurationName = Release;
		};
		58B511EF1A9E6C8500147676 /* Build configuration list for PBXNativeTarget "BreezSDK" */ = {
			isa = XCConfigurationList;
			buildConfigurations = (
				58B511F01A9E6C8500147676 /* Debug */,
				58B511F11A9E6C8500147676 /* Release */,
			);
			defaultConfigurationIsVisible = 0;
			defaultConfigurationName = Release;
		};
/* End XCConfigurationList section */
	};
	rootObject = 58B511D31A9E6C8500147676 /* Project object */;
}
